
Microsoft Visual Studio Solution File, Format Version 12.00
# Visual Studio Version 16
VisualStudioVersion = 16.0.29001.49
MinimumVisualStudioVersion = 10.0.40219.1
Project("{FAE04EC0-301F-11D3-BF4B-00C04F79EFBC}") = "Hello World", "Hello World\Hello World.csproj", "{A610ED51-562C-4BB2-A9B6-B8E0F70DF6B9}"
EndProject
Global
	GlobalSection(SolutionConfigurationPlatforms) = preSolution
		Debug|Any CPU = Debug|Any CPU
		Release|Any CPU = Release|Any CPU
	EndGlobalSection
	GlobalSection(ProjectConfigurationPlatforms) = postSolution
		{A610ED51-562C-4BB2-A9B6-B8E0F70DF6B9}.Debug|Any CPU.ActiveCfg = Debug|Any CPU
		{A610ED51-562C-4BB2-A9B6-B8E0F70DF6B9}.Debug|Any CPU.Build.0 = Debug|Any CPU
		{A610ED51-562C-4BB2-A9B6-B8E0F70DF6B9}.Release|Any CPU.ActiveCfg = Release|Any CPU
		{A610ED51-562C-4BB2-A9B6-B8E0F70DF6B9}.Release|Any CPU.Build.0 = Release|Any CPU
	EndGlobalSection
	GlobalSection(SolutionProperties) = preSolution
		HideSolutionNode = FALSE
	EndGlobalSection
	GlobalSection(ExtensibilityGlobals) = postSolution
		SolutionGuid = {EFD471EC-909B-4897-ADF3-0E1F52A08BD9}
	EndGlobalSection
EndGlobal
